
Microsoft Visual Studio Solution File, Format Version 12.00
Project("{FAE04EC0-301F-11D3-BF4B-00C04F79EFBC}") = "Bankomat-system", "Bankomat-system\Bankomat-system.csproj", "{62BBB12F-AF47-425F-A5E4-22DEC613B0AF}"
EndProject
Project("{2150E333-8FDC-42A3-9474-1A3956D46DE8}") = "src", "src", "{F159D43F-8F7E-40D1-9169-9186E438325B}"
EndProject
Project("{2150E333-8FDC-42A3-9474-1A3956D46DE8}") = "Application", "Application", "{EBA14C4E-F6F0-4585-954D-C29C826B0936}"
EndProject
Project("{2150E333-8FDC-42A3-9474-1A3956D46DE8}") = "Infrastructure", "Infrastructure", "{B959C9DF-897D-42C5-BCD7-F1BCB5B2584E}"
EndProject
Project("{2150E333-8FDC-42A3-9474-1A3956D46DE8}") = "Presentation", "Presentation", "{B29DF119-7DB1-4423-BFD4-79753018136A}"
EndProject
Project("{FAE04EC0-301F-11D3-BF4B-00C04F79EFBC}") = "Abstraction", "Abstraction\Abstraction.csproj", "{6C0F10CE-0B02-47BD-9015-5AB93B4559EF}"
EndProject
Project("{FAE04EC0-301F-11D3-BF4B-00C04F79EFBC}") = "Contracts", "Contracts\Contracts.csproj", "{8E3B82C5-215B-4BCA-A85A-73C92C300A08}"
EndProject
Project("{FAE04EC0-301F-11D3-BF4B-00C04F79EFBC}") = "Model", "Model\Model.csproj", "{5DBE7A56-751A-4DD9-84CF-CC243C0CDB82}"
EndProject
Project("{FAE04EC0-301F-11D3-BF4B-00C04F79EFBC}") = "Services", "Services\Services.csproj", "{44D7B664-13B0-42DB-A09B-E9627116CFA6}"
EndProject
Project("{FAE04EC0-301F-11D3-BF4B-00C04F79EFBC}") = "ConsolePresentation", "ConsolePresentation\ConsolePresentation.csproj", "{944A2FA1-DD1E-4EB6-8B7B-8E864BF7B2DB}"
EndProject
Project("{FAE04EC0-301F-11D3-BF4B-00C04F79EFBC}") = "DataAccess", "DataAccess\DataAccess.csproj", "{CCDE56E0-C5EC-4BFA-8CF2-4FD5F153AFA0}"
EndProject
Project("{FAE04EC0-301F-11D3-BF4B-00C04F79EFBC}") = "JSONAccess", "JSONAccess\JSONAccess.csproj", "{26222E34-07FB-4C25-B47B-E1E94C51C31A}"
EndProject
Global
	GlobalSection(SolutionConfigurationPlatforms) = preSolution
		Debug|Any CPU = Debug|Any CPU
		Release|Any CPU = Release|Any CPU
	EndGlobalSection
	GlobalSection(ProjectConfigurationPlatforms) = postSolution
		{62BBB12F-AF47-425F-A5E4-22DEC613B0AF}.Debug|Any CPU.ActiveCfg = Debug|Any CPU
		{62BBB12F-AF47-425F-A5E4-22DEC613B0AF}.Debug|Any CPU.Build.0 = Debug|Any CPU
		{62BBB12F-AF47-425F-A5E4-22DEC613B0AF}.Release|Any CPU.ActiveCfg = Release|Any CPU
		{62BBB12F-AF47-425F-A5E4-22DEC613B0AF}.Release|Any CPU.Build.0 = Release|Any CPU
		{6C0F10CE-0B02-47BD-9015-5AB93B4559EF}.Debug|Any CPU.ActiveCfg = Debug|Any CPU
		{6C0F10CE-0B02-47BD-9015-5AB93B4559EF}.Debug|Any CPU.Build.0 = Debug|Any CPU
		{6C0F10CE-0B02-47BD-9015-5AB93B4559EF}.Release|Any CPU.ActiveCfg = Release|Any CPU
		{6C0F10CE-0B02-47BD-9015-5AB93B4559EF}.Release|Any CPU.Build.0 = Release|Any CPU
		{8E3B82C5-215B-4BCA-A85A-73C92C300A08}.Debug|Any CPU.ActiveCfg = Debug|Any CPU
		{8E3B82C5-215B-4BCA-A85A-73C92C300A08}.Debug|Any CPU.Build.0 = Debug|Any CPU
		{8E3B82C5-215B-4BCA-A85A-73C92C300A08}.Release|Any CPU.ActiveCfg = Release|Any CPU
		{8E3B82C5-215B-4BCA-A85A-73C92C300A08}.Release|Any CPU.Build.0 = Release|Any CPU
		{5DBE7A56-751A-4DD9-84CF-CC243C0CDB82}.Debug|Any CPU.ActiveCfg = Debug|Any CPU
		{5DBE7A56-751A-4DD9-84CF-CC243C0CDB82}.Debug|Any CPU.Build.0 = Debug|Any CPU
		{5DBE7A56-751A-4DD9-84CF-CC243C0CDB82}.Release|Any CPU.ActiveCfg = Release|Any CPU
		{5DBE7A56-751A-4DD9-84CF-CC243C0CDB82}.Release|Any CPU.Build.0 = Release|Any CPU
		{44D7B664-13B0-42DB-A09B-E9627116CFA6}.Debug|Any CPU.ActiveCfg = Debug|Any CPU
		{44D7B664-13B0-42DB-A09B-E9627116CFA6}.Debug|Any CPU.Build.0 = Debug|Any CPU
		{44D7B664-13B0-42DB-A09B-E9627116CFA6}.Release|Any CPU.ActiveCfg = Release|Any CPU
		{44D7B664-13B0-42DB-A09B-E9627116CFA6}.Release|Any CPU.Build.0 = Release|Any CPU
		{944A2FA1-DD1E-4EB6-8B7B-8E864BF7B2DB}.Debug|Any CPU.ActiveCfg = Debug|Any CPU
		{944A2FA1-DD1E-4EB6-8B7B-8E864BF7B2DB}.Debug|Any CPU.Build.0 = Debug|Any CPU
		{944A2FA1-DD1E-4EB6-8B7B-8E864BF7B2DB}.Release|Any CPU.ActiveCfg = Release|Any CPU
		{944A2FA1-DD1E-4EB6-8B7B-8E864BF7B2DB}.Release|Any CPU.Build.0 = Release|Any CPU
		{CCDE56E0-C5EC-4BFA-8CF2-4FD5F153AFA0}.Debug|Any CPU.ActiveCfg = Debug|Any CPU
		{CCDE56E0-C5EC-4BFA-8CF2-4FD5F153AFA0}.Debug|Any CPU.Build.0 = Debug|Any CPU
		{CCDE56E0-C5EC-4BFA-8CF2-4FD5F153AFA0}.Release|Any CPU.ActiveCfg = Release|Any CPU
		{CCDE56E0-C5EC-4BFA-8CF2-4FD5F153AFA0}.Release|Any CPU.Build.0 = Release|Any CPU
		{26222E34-07FB-4C25-B47B-E1E94C51C31A}.Debug|Any CPU.ActiveCfg = Debug|Any CPU
		{26222E34-07FB-4C25-B47B-E1E94C51C31A}.Debug|Any CPU.Build.0 = Debug|Any CPU
		{26222E34-07FB-4C25-B47B-E1E94C51C31A}.Release|Any CPU.ActiveCfg = Release|Any CPU
		{26222E34-07FB-4C25-B47B-E1E94C51C31A}.Release|Any CPU.Build.0 = Release|Any CPU
	EndGlobalSection
	GlobalSection(NestedProjects) = preSolution
		{62BBB12F-AF47-425F-A5E4-22DEC613B0AF} = {F159D43F-8F7E-40D1-9169-9186E438325B}
		{EBA14C4E-F6F0-4585-954D-C29C826B0936} = {F159D43F-8F7E-40D1-9169-9186E438325B}
		{B959C9DF-897D-42C5-BCD7-F1BCB5B2584E} = {F159D43F-8F7E-40D1-9169-9186E438325B}
		{B29DF119-7DB1-4423-BFD4-79753018136A} = {F159D43F-8F7E-40D1-9169-9186E438325B}
		{6C0F10CE-0B02-47BD-9015-5AB93B4559EF} = {EBA14C4E-F6F0-4585-954D-C29C826B0936}
		{8E3B82C5-215B-4BCA-A85A-73C92C300A08} = {EBA14C4E-F6F0-4585-954D-C29C826B0936}
		{5DBE7A56-751A-4DD9-84CF-CC243C0CDB82} = {EBA14C4E-F6F0-4585-954D-C29C826B0936}
		{44D7B664-13B0-42DB-A09B-E9627116CFA6} = {EBA14C4E-F6F0-4585-954D-C29C826B0936}
		{944A2FA1-DD1E-4EB6-8B7B-8E864BF7B2DB} = {B29DF119-7DB1-4423-BFD4-79753018136A}
		{CCDE56E0-C5EC-4BFA-8CF2-4FD5F153AFA0} = {B959C9DF-897D-42C5-BCD7-F1BCB5B2584E}
		{26222E34-07FB-4C25-B47B-E1E94C51C31A} = {B959C9DF-897D-42C5-BCD7-F1BCB5B2584E}
	EndGlobalSection
EndGlobal
